
Microsoft Visual Studio Solution File, Format Version 12.00
# Visual Studio 15
VisualStudioVersion = 15.0.28010.0
MinimumVisualStudioVersion = 10.0.40219.1
Project("{888888A0-9F3D-457C-B088-3A5042F75D52}") = "FirstPythonApplication", "FirstPythonApplication\FirstPythonApplication.pyproj", "{46A0159A-69B0-4549-B87A-5F97BD056BF0}"
EndProject
Global
	GlobalSection(SolutionConfigurationPlatforms) = preSolution
		Debug|Any CPU = Debug|Any CPU
		Release|Any CPU = Release|Any CPU
	EndGlobalSection
	GlobalSection(ProjectConfigurationPlatforms) = postSolution
		{46A0159A-69B0-4549-B87A-5F97BD056BF0}.Debug|Any CPU.ActiveCfg = Debug|Any CPU
		{46A0159A-69B0-4549-B87A-5F97BD056BF0}.Release|Any CPU.ActiveCfg = Release|Any CPU
	EndGlobalSection
	GlobalSection(SolutionProperties) = preSolution
		HideSolutionNode = FALSE
	EndGlobalSection
	GlobalSection(ExtensibilityGlobals) = postSolution
		SolutionGuid = {C6A91D15-C3D0-4E9A-AD41-4936A7C0B8DA}
	EndGlobalSection
EndGlobal
